dependencies:
- name: postgresql
  repository: https://charts.bitnami.com/bitnami
  version: 11.9.11
- name: redis
  repository: https://charts.bitnami.com/bitnami
  version: 17.0.11
- name: kafka
  repository: https://charts.bitnami.com/bitnami
  version: 21.4.0
- name: zookeeper
  repository: https://charts.bitnami.com/bitnami
  version: 11.1.4
digest: sha256:860c8a18f05da4e27dd6ea982dcf8824e8b1713b5f8fde33e320e038c5087778
generated: "2023-03-14T22:59:48.727311+03:00"
